
Microsoft Visual Studio Solution File, Format Version 12.00
# Visual Studio Version 16
VisualStudioVersion = 16.0.30611.23
MinimumVisualStudioVersion = 10.0.40219.1
Project("{FAE04EC0-301F-11D3-BF4B-00C04F79EFBC}") = "SalesWebMvc", "SalesWebMvc\SalesWebMvc.csproj", "{71BF0BD2-1BCF-46A1-92C8-E609858760B5}"
EndProject
Global
	GlobalSection(SolutionConfigurationPlatforms) = preSolution
		Debug|Any CPU = Debug|Any CPU
		Release|Any CPU = Release|Any CPU
	EndGlobalSection
	GlobalSection(ProjectConfigurationPlatforms) = postSolution
		{71BF0BD2-1BCF-46A1-92C8-E609858760B5}.Debug|Any CPU.ActiveCfg = Debug|Any CPU
		{71BF0BD2-1BCF-46A1-92C8-E609858760B5}.Debug|Any CPU.Build.0 = Debug|Any CPU
		{71BF0BD2-1BCF-46A1-92C8-E609858760B5}.Release|Any CPU.ActiveCfg = Release|Any CPU
		{71BF0BD2-1BCF-46A1-92C8-E609858760B5}.Release|Any CPU.Build.0 = Release|Any CPU
	EndGlobalSection
	GlobalSection(SolutionProperties) = preSolution
		HideSolutionNode = FALSE
	EndGlobalSection
	GlobalSection(ExtensibilityGlobals) = postSolution
		SolutionGuid = {49954065-F92A-4A5D-81B8-1C012336F490}
	EndGlobalSection
EndGlobal
